<?xml version="1.0" encoding="UTF-8"?>
<!DOCTYPE plist PUBLIC "-//Apple//DTD PLIST 1.0//EN" "http://www.apple.com/DTDs/PropertyList-1.0.dtd">
<plist version="1.0">
<dict>
	<key>archiveVersion</key>
	<string>1</string>
	<key>classes</key>
	<dict/>
	<key>objectVersion</key>
	<string>46</string>
	<key>objects</key>
	<dict>
		<key>0315DD8DED008D8893AC2E37</key>
		<dict>
			<key>buildActionMask</key>
			<string>2147483647</string>
			<key>files</key>
			<array/>
			<key>inputPaths</key>
			<array/>
			<key>isa</key>
			<string>PBXShellScriptBuildPhase</string>
			<key>name</key>
			<string>Copy Pods Resources</string>
			<key>outputPaths</key>
			<array/>
			<key>runOnlyForDeploymentPostprocessing</key>
			<string>0</string>
			<key>shellPath</key>
			<string>/bin/sh</string>
			<key>shellScript</key>
			<string>"${SRCROOT}/Pods/Target Support Files/Pods-RxQuiz/Pods-RxQuiz-resources.sh"
</string>
			<key>showEnvVarsInLog</key>
			<string>0</string>
		</dict>
		<key>1043314FE8AA99F7339DB116</key>
		<dict>
			<key>fileRef</key>
			<string>F7DE60116E6CFAAE41A89FBA</string>
			<key>isa</key>
			<string>PBXBuildFile</string>
		</dict>
		<key>2E8D5325C5A929548DE7D912</key>
		<dict>
			<key>buildActionMask</key>
			<string>2147483647</string>
			<key>files</key>
			<array/>
			<key>inputPaths</key>
			<array/>
			<key>isa</key>
			<string>PBXShellScriptBuildPhase</string>
			<key>name</key>
			<string>Embed Pods Frameworks</string>
			<key>outputPaths</key>
			<array/>
			<key>runOnlyForDeploymentPostprocessing</key>
			<string>0</string>
			<key>shellPath</key>
			<string>/bin/sh</string>
			<key>shellScript</key>
			<string>"${SRCROOT}/Pods/Target Support Files/Pods-RxQuiz/Pods-RxQuiz-frameworks.sh"
</string>
			<key>showEnvVarsInLog</key>
			<string>0</string>
		</dict>
		<key>39AA6E36FC9ABA1CAD631A02</key>
		<dict>
			<key>buildActionMask</key>
			<string>2147483647</string>
			<key>files</key>
			<array/>
			<key>inputPaths</key>
			<array/>
			<key>isa</key>
			<string>PBXShellScriptBuildPhase</string>
			<key>name</key>
			<string>Check Pods Manifest.lock</string>
			<key>outputPaths</key>
			<array/>
			<key>runOnlyForDeploymentPostprocessing</key>
			<string>0</string>
			<key>shellPath</key>
			<string>/bin/sh</string>
			<key>shellScript</key>
			<string>diff "${PODS_ROOT}/../Podfile.lock" "${PODS_ROOT}/Manifest.lock" &gt; /dev/null
if [[ $? != 0 ]] ; then
    cat &lt;&lt; EOM
error: The sandbox is not in sync with the Podfile.lock. Run 'pod install' or update your CocoaPods installation.
EOM
    exit 1
fi
</string>
			<key>showEnvVarsInLog</key>
			<string>0</string>
		</dict>
		<key>404286BEF88AC504F9A800A0</key>
		<dict>
			<key>includeInIndex</key>
			<string>1</string>
			<key>isa</key>
			<string>PBXFileReference</string>
			<key>lastKnownFileType</key>
			<string>text.xcconfig</string>
			<key>name</key>
			<string>Pods-RxQuiz.release.xcconfig</string>
			<key>path</key>
			<string>Pods/Target Support Files/Pods-RxQuiz/Pods-RxQuiz.release.xcconfig</string>
			<key>sourceTree</key>
			<string>&lt;group&gt;</string>
		</dict>
		<key>6A52DF9E9A2FFA3809872FE1</key>
		<dict>
			<key>includeInIndex</key>
			<string>1</string>
			<key>isa</key>
			<string>PBXFileReference</string>
			<key>lastKnownFileType</key>
			<string>text.xcconfig</string>
			<key>name</key>
			<string>Pods-RxQuiz.debug.xcconfig</string>
			<key>path</key>
			<string>Pods/Target Support Files/Pods-RxQuiz/Pods-RxQuiz.debug.xcconfig</string>
			<key>sourceTree</key>
			<string>&lt;group&gt;</string>
		</dict>
		<key>84B43FFA1CB6E76100AD1A23</key>
		<dict>
			<key>children</key>
			<array>
				<string>D4B3A2461CAD26360075AB4C</string>
				<string>D4B3A20B1CAD09350075AB4C</string>
			</array>
			<key>isa</key>
			<string>PBXGroup</string>
			<key>path</key>
			<string>ViewController</string>
			<key>sourceTree</key>
			<string>&lt;group&gt;</string>
		</dict>
		<key>84B43FFB1CB6E76E00AD1A23</key>
		<dict>
			<key>children</key>
			<array>
				<string>D4B3A20D1CAD09350075AB4C</string>
				<string>D4B3A2481CAD26480075AB4C</string>
			</array>
			<key>isa</key>
			<string>PBXGroup</string>
			<key>path</key>
			<string>Storyboard</string>
			<key>sourceTree</key>
			<string>&lt;group&gt;</string>
		</dict>
		<key>84B43FFC1CB6E78B00AD1A23</key>
		<dict>
			<key>children</key>
			<array>
				<string>D4B3A24D1CAD61710075AB4C</string>
				<string>D4B3A24F1CAD61880075AB4C</string>
			</array>
			<key>isa</key>
			<string>PBXGroup</string>
			<key>path</key>
			<string>Additions</string>
			<key>sourceTree</key>
			<string>&lt;group&gt;</string>
		</dict>
		<key>84B43FFD1CB6E79A00AD1A23</key>
		<dict>
			<key>children</key>
			<array>
				<string>D4B3A2511CAD61A10075AB4C</string>
			</array>
			<key>isa</key>
			<string>PBXGroup</string>
			<key>path</key>
			<string>Model</string>
			<key>sourceTree</key>
			<string>&lt;group&gt;</string>
		</dict>
		<key>84B43FFE1CB96CF100AD1A23</key>
		<dict>
			<key>children</key>
			<array>
				<string>84B43FFF1CB96CFE00AD1A23</string>
				<string>84B440001CB96CFE00AD1A23</string>
			</array>
			<key>isa</key>
			<string>PBXGroup</string>
			<key>name</key>
			<string>Sound</string>
			<key>path</key>
			<string>Sound</string>
			<key>sourceTree</key>
			<string>&lt;group&gt;</string>
		</dict>
		<key>84B43FFF1CB96CFE00AD1A23</key>
		<dict>
			<key>isa</key>
			<string>PBXFileReference</string>
			<key>lastKnownFileType</key>
			<string>audio.mp3</string>
			<key>path</key>
			<string>correct.mp3</string>
			<key>sourceTree</key>
			<string>&lt;group&gt;</string>
		</dict>
		<key>84B440001CB96CFE00AD1A23</key>
		<dict>
			<key>isa</key>
			<string>PBXFileReference</string>
			<key>lastKnownFileType</key>
			<string>audio.mp3</string>
			<key>path</key>
			<string>incorrect.mp3</string>
			<key>sourceTree</key>
			<string>&lt;group&gt;</string>
		</dict>
		<key>84B440011CB96CFE00AD1A23</key>
		<dict>
			<key>fileRef</key>
			<string>84B43FFF1CB96CFE00AD1A23</string>
			<key>isa</key>
			<string>PBXBuildFile</string>
		</dict>
		<key>84B440021CB96CFE00AD1A23</key>
		<dict>
			<key>fileRef</key>
			<string>84B440001CB96CFE00AD1A23</string>
			<key>isa</key>
			<string>PBXBuildFile</string>
		</dict>
		<key>8B833C239D97313BACE345F1</key>
		<dict>
			<key>children</key>
			<array>
				<string>6A52DF9E9A2FFA3809872FE1</string>
				<string>404286BEF88AC504F9A800A0</string>
			</array>
			<key>isa</key>
			<string>PBXGroup</string>
			<key>name</key>
			<string>Pods</string>
			<key>sourceTree</key>
			<string>&lt;group&gt;</string>
		</dict>
		<key>A6E514A515CF6D55DCCD30D0</key>
		<dict>
			<key>children</key>
			<array>
				<string>F7DE60116E6CFAAE41A89FBA</string>
			</array>
			<key>isa</key>
			<string>PBXGroup</string>
			<key>name</key>
			<string>Frameworks</string>
			<key>sourceTree</key>
			<string>&lt;group&gt;</string>
		</dict>
		<key>D4B3A1FD1CAD09350075AB4C</key>
		<dict>
			<key>children</key>
			<array>
				<string>A6E514A515CF6D55DCCD30D0</string>
				<string>8B833C239D97313BACE345F1</string>
				<string>D4B3A2071CAD09350075AB4C</string>
				<string>D4B3A2081CAD09350075AB4C</string>
				<string>D4B3A21D1CAD09360075AB4C</string>
				<string>D4B3A2281CAD09360075AB4C</string>
			</array>
			<key>isa</key>
			<string>PBXGroup</string>
			<key>sourceTree</key>
			<string>&lt;group&gt;</string>
		</dict>
		<key>D4B3A1FE1CAD09350075AB4C</key>
		<dict>
			<key>attributes</key>
			<dict>
				<key>LastSwiftUpdateCheck</key>
				<string>0730</string>
				<key>LastUpgradeCheck</key>
				<string>0730</string>
				<key>ORGANIZATIONNAME</key>
				<string>nakazy</string>
				<key>TargetAttributes</key>
				<dict>
					<key>D4B3A2051CAD09350075AB4C</key>
					<dict>
						<key>CreatedOnToolsVersion</key>
						<string>7.3</string>
					</dict>
					<key>D4B3A2191CAD09360075AB4C</key>
					<dict>
						<key>CreatedOnToolsVersion</key>
						<string>7.3</string>
						<key>TestTargetID</key>
						<string>D4B3A2051CAD09350075AB4C</string>
					</dict>
					<key>D4B3A2241CAD09360075AB4C</key>
					<dict>
						<key>CreatedOnToolsVersion</key>
						<string>7.3</string>
						<key>TestTargetID</key>
						<string>D4B3A2051CAD09350075AB4C</string>
					</dict>
				</dict>
			</dict>
			<key>buildConfigurationList</key>
			<string>D4B3A2011CAD09350075AB4C</string>
			<key>compatibilityVersion</key>
			<string>Xcode 3.2</string>
			<key>developmentRegion</key>
			<string>English</string>
			<key>hasScannedForEncodings</key>
			<string>0</string>
			<key>isa</key>
			<string>PBXProject</string>
			<key>knownRegions</key>
			<array>
				<string>en</string>
				<string>Base</string>
			</array>
			<key>mainGroup</key>
			<string>D4B3A1FD1CAD09350075AB4C</string>
			<key>productRefGroup</key>
			<string>D4B3A2071CAD09350075AB4C</string>
			<key>projectDirPath</key>
			<string></string>
			<key>projectReferences</key>
			<array/>
			<key>projectRoot</key>
			<string></string>
			<key>targets</key>
			<array>
				<string>D4B3A2051CAD09350075AB4C</string>
				<string>D4B3A2191CAD09360075AB4C</string>
				<string>D4B3A2241CAD09360075AB4C</string>
			</array>
		</dict>
		<key>D4B3A2011CAD09350075AB4C</key>
		<dict>
			<key>buildConfigurations</key>
			<array>
				<string>D4B3A22C1CAD09360075AB4C</string>
				<string>D4B3A22D1CAD09360075AB4C</string>
			</array>
			<key>defaultConfigurationIsVisible</key>
			<string>0</string>
			<key>defaultConfigurationName</key>
			<string>Release</string>
			<key>isa</key>
			<string>XCConfigurationList</string>
		</dict>
		<key>D4B3A2021CAD09350075AB4C</key>
		<dict>
			<key>buildActionMask</key>
			<string>2147483647</string>
			<key>files</key>
			<array>
				<string>D4B3A2471CAD26360075AB4C</string>
				<string>D4B3A2501CAD61880075AB4C</string>
				<string>D4B3A24E1CAD61710075AB4C</string>
				<string>D4B3A2521CAD61A10075AB4C</string>
				<string>D4B3A20C1CAD09350075AB4C</string>
				<string>D4B3A20A1CAD09350075AB4C</string>
			</array>
			<key>isa</key>
			<string>PBXSourcesBuildPhase</string>
			<key>runOnlyForDeploymentPostprocessing</key>
			<string>0</string>
		</dict>
		<key>D4B3A2031CAD09350075AB4C</key>
		<dict>
			<key>buildActionMask</key>
			<string>2147483647</string>
			<key>files</key>
			<array>
				<string>1043314FE8AA99F7339DB116</string>
			</array>
			<key>isa</key>
			<string>PBXFrameworksBuildPhase</string>
			<key>runOnlyForDeploymentPostprocessing</key>
			<string>0</string>
		</dict>
		<key>D4B3A2041CAD09350075AB4C</key>
		<dict>
			<key>buildActionMask</key>
			<string>2147483647</string>
			<key>files</key>
			<array>
				<string>D4B3A2141CAD09350075AB4C</string>
				<string>84B440021CB96CFE00AD1A23</string>
				<string>D4B3A2111CAD09350075AB4C</string>
				<string>D4B3A20F1CAD09350075AB4C</string>
				<string>D4B3A2541CAE3EE30075AB4C</string>
				<string>D4B3A2491CAD26480075AB4C</string>
				<string>84B440011CB96CFE00AD1A23</string>
			</array>
			<key>isa</key>
			<string>PBXResourcesBuildPhase</string>
			<key>runOnlyForDeploymentPostprocessing</key>
			<string>0</string>
		</dict>
		<key>D4B3A2051CAD09350075AB4C</key>
		<dict>
			<key>buildConfigurationList</key>
			<string>D4B3A22E1CAD09360075AB4C</string>
			<key>buildPhases</key>
			<array>
				<string>39AA6E36FC9ABA1CAD631A02</string>
				<string>D4B3A2021CAD09350075AB4C</string>
				<string>D4B3A2031CAD09350075AB4C</string>
				<string>D4B3A2041CAD09350075AB4C</string>
				<string>D4B3A2431CAD12890075AB4C</string>
				<string>D4B3A2451CAD129D0075AB4C</string>
				<string>2E8D5325C5A929548DE7D912</string>
				<string>0315DD8DED008D8893AC2E37</string>
			</array>
			<key>buildRules</key>
			<array/>
			<key>dependencies</key>
			<array/>
			<key>isa</key>
			<string>PBXNativeTarget</string>
			<key>name</key>
			<string>RxQuiz</string>
			<key>productName</key>
			<string>RxQuiz</string>
			<key>productReference</key>
			<string>D4B3A2061CAD09350075AB4C</string>
			<key>productType</key>
			<string>com.apple.product-type.application</string>
		</dict>
		<key>D4B3A2061CAD09350075AB4C</key>
		<dict>
			<key>explicitFileType</key>
			<string>wrapper.application</string>
			<key>includeInIndex</key>
			<string>0</string>
			<key>isa</key>
			<string>PBXFileReference</string>
			<key>path</key>
			<string>RxQuiz.app</string>
			<key>sourceTree</key>
			<string>BUILT_PRODUCTS_DIR</string>
		</dict>
		<key>D4B3A2071CAD09350075AB4C</key>
		<dict>
			<key>children</key>
			<array>
				<string>D4B3A2061CAD09350075AB4C</string>
				<string>D4B3A21A1CAD09360075AB4C</string>
				<string>D4B3A2251CAD09360075AB4C</string>
			</array>
			<key>isa</key>
			<string>PBXGroup</string>
			<key>name</key>
			<string>Products</string>
			<key>sourceTree</key>
			<string>&lt;group&gt;</string>
		</dict>
		<key>D4B3A2081CAD09350075AB4C</key>
		<dict>
			<key>children</key>
			<array>
				<string>84B43FFC1CB6E78B00AD1A23</string>
				<string>D4B3A24A1CAD2E2A0075AB4C</string>
				<string>84B43FFD1CB6E79A00AD1A23</string>
				<string>84B43FFE1CB96CF100AD1A23</string>
				<string>84B43FFB1CB6E76E00AD1A23</string>
				<string>84B43FFA1CB6E76100AD1A23</string>
				<string>D4B3A2091CAD09350075AB4C</string>
				<string>D4B3A2101CAD09350075AB4C</string>
				<string>D4B3A2151CAD09350075AB4C</string>
				<string>D4B3A2121CAD09350075AB4C</string>
			</array>
			<key>isa</key>
			<string>PBXGroup</string>
			<key>path</key>
			<string>RxQuiz</string>
			<key>sourceTree</key>
			<string>&lt;group&gt;</string>
		</dict>
		<key>D4B3A2091CAD09350075AB4C</key>
		<dict>
			<key>isa</key>
			<string>PBXFileReference</string>
			<key>lastKnownFileType</key>
			<string>sourcecode.swift</string>
			<key>path</key>
			<string>AppDelegate.swift</string>
			<key>sourceTree</key>
			<string>&lt;group&gt;</string>
		</dict>
		<key>D4B3A20A1CAD09350075AB4C</key>
		<dict>
			<key>fileRef</key>
			<string>D4B3A2091CAD09350075AB4C</string>
			<key>isa</key>
			<string>PBXBuildFile</string>
		</dict>
		<key>D4B3A20B1CAD09350075AB4C</key>
		<dict>
			<key>isa</key>
			<string>PBXFileReference</string>
			<key>lastKnownFileType</key>
			<string>sourcecode.swift</string>
			<key>path</key>
			<string>ViewController.swift</string>
			<key>sourceTree</key>
			<string>&lt;group&gt;</string>
		</dict>
		<key>D4B3A20C1CAD09350075AB4C</key>
		<dict>
			<key>fileRef</key>
			<string>D4B3A20B1CAD09350075AB4C</string>
			<key>isa</key>
			<string>PBXBuildFile</string>
		</dict>
		<key>D4B3A20D1CAD09350075AB4C</key>
		<dict>
			<key>children</key>
			<array>
				<string>D4B3A20E1CAD09350075AB4C</string>
			</array>
			<key>isa</key>
			<string>PBXVariantGroup</string>
			<key>name</key>
			<string>Main.storyboard</string>
			<key>path</key>
			<string>.</string>
			<key>sourceTree</key>
			<string>&lt;group&gt;</string>
		</dict>
		<key>D4B3A20E1CAD09350075AB4C</key>
		<dict>
			<key>isa</key>
			<string>PBXFileReference</string>
			<key>lastKnownFileType</key>
			<string>file.storyboard</string>
			<key>name</key>
			<string>Base</string>
			<key>path</key>
			<string>Base.lproj/Main.storyboard</string>
			<key>sourceTree</key>
			<string>&lt;group&gt;</string>
		</dict>
		<key>D4B3A20F1CAD09350075AB4C</key>
		<dict>
			<key>fileRef</key>
			<string>D4B3A20D1CAD09350075AB4C</string>
			<key>isa</key>
			<string>PBXBuildFile</string>
		</dict>
		<key>D4B3A2101CAD09350075AB4C</key>
		<dict>
			<key>isa</key>
			<string>PBXFileReference</string>
			<key>lastKnownFileType</key>
			<string>folder.assetcatalog</string>
			<key>path</key>
			<string>Assets.xcassets</string>
			<key>sourceTree</key>
			<string>&lt;group&gt;</string>
		</dict>
		<key>D4B3A2111CAD09350075AB4C</key>
		<dict>
			<key>fileRef</key>
			<string>D4B3A2101CAD09350075AB4C</string>
			<key>isa</key>
			<string>PBXBuildFile</string>
		</dict>
		<key>D4B3A2121CAD09350075AB4C</key>
		<dict>
			<key>children</key>
			<array>
				<string>D4B3A2131CAD09350075AB4C</string>
			</array>
			<key>isa</key>
			<string>PBXVariantGroup</string>
			<key>name</key>
			<string>LaunchScreen.storyboard</string>
			<key>path</key>
			<string>.</string>
			<key>sourceTree</key>
			<string>&lt;group&gt;</string>
		</dict>
		<key>D4B3A2131CAD09350075AB4C</key>
		<dict>
			<key>isa</key>
			<string>PBXFileReference</string>
			<key>lastKnownFileType</key>
			<string>file.storyboard</string>
			<key>name</key>
			<string>Base</string>
			<key>path</key>
			<string>Base.lproj/LaunchScreen.storyboard</string>
			<key>sourceTree</key>
			<string>&lt;group&gt;</string>
		</dict>
		<key>D4B3A2141CAD09350075AB4C</key>
		<dict>
			<key>fileRef</key>
			<string>D4B3A2121CAD09350075AB4C</string>
			<key>isa</key>
			<string>PBXBuildFile</string>
		</dict>
		<key>D4B3A2151CAD09350075AB4C</key>
		<dict>
			<key>isa</key>
			<string>PBXFileReference</string>
			<key>lastKnownFileType</key>
			<string>text.plist.xml</string>
			<key>path</key>
			<string>Info.plist</string>
			<key>sourceTree</key>
			<string>&lt;group&gt;</string>
		</dict>
		<key>D4B3A2161CAD09360075AB4C</key>
		<dict>
			<key>buildActionMask</key>
			<string>2147483647</string>
			<key>files</key>
			<array>
				<string>D4B3A21F1CAD09360075AB4C</string>
			</array>
			<key>isa</key>
			<string>PBXSourcesBuildPhase</string>
			<key>runOnlyForDeploymentPostprocessing</key>
			<string>0</string>
		</dict>
		<key>D4B3A2171CAD09360075AB4C</key>
		<dict>
			<key>buildActionMask</key>
			<string>2147483647</string>
			<key>files</key>
			<array/>
			<key>isa</key>
			<string>PBXFrameworksBuildPhase</string>
			<key>runOnlyForDeploymentPostprocessing</key>
			<string>0</string>
		</dict>
		<key>D4B3A2181CAD09360075AB4C</key>
		<dict>
			<key>buildActionMask</key>
			<string>2147483647</string>
			<key>files</key>
			<array/>
			<key>isa</key>
			<string>PBXResourcesBuildPhase</string>
			<key>runOnlyForDeploymentPostprocessing</key>
			<string>0</string>
		</dict>
		<key>D4B3A2191CAD09360075AB4C</key>
		<dict>
			<key>buildConfigurationList</key>
			<string>D4B3A2311CAD09360075AB4C</string>
			<key>buildPhases</key>
			<array>
				<string>D4B3A2161CAD09360075AB4C</string>
				<string>D4B3A2171CAD09360075AB4C</string>
				<string>D4B3A2181CAD09360075AB4C</string>
			</array>
			<key>buildRules</key>
			<array/>
			<key>dependencies</key>
			<array>
				<string>D4B3A21C1CAD09360075AB4C</string>
			</array>
			<key>isa</key>
			<string>PBXNativeTarget</string>
			<key>name</key>
			<string>RxQuizTests</string>
			<key>productName</key>
			<string>RxQuizTests</string>
			<key>productReference</key>
			<string>D4B3A21A1CAD09360075AB4C</string>
			<key>productType</key>
			<string>com.apple.product-type.bundle.unit-test</string>
		</dict>
		<key>D4B3A21A1CAD09360075AB4C</key>
		<dict>
			<key>explicitFileType</key>
			<string>wrapper.cfbundle</string>
			<key>includeInIndex</key>
			<string>0</string>
			<key>isa</key>
			<string>PBXFileReference</string>
			<key>path</key>
			<string>RxQuizTests.xctest</string>
			<key>sourceTree</key>
			<string>BUILT_PRODUCTS_DIR</string>
		</dict>
		<key>D4B3A21B1CAD09360075AB4C</key>
		<dict>
			<key>containerPortal</key>
			<string>D4B3A1FE1CAD09350075AB4C</string>
			<key>isa</key>
			<string>PBXContainerItemProxy</string>
			<key>proxyType</key>
			<string>1</string>
			<key>remoteGlobalIDString</key>
			<string>D4B3A2051CAD09350075AB4C</string>
			<key>remoteInfo</key>
			<string>RxQuiz</string>
		</dict>
		<key>D4B3A21C1CAD09360075AB4C</key>
		<dict>
			<key>isa</key>
			<string>PBXTargetDependency</string>
			<key>target</key>
			<string>D4B3A2051CAD09350075AB4C</string>
			<key>targetProxy</key>
			<string>D4B3A21B1CAD09360075AB4C</string>
		</dict>
		<key>D4B3A21D1CAD09360075AB4C</key>
		<dict>
			<key>children</key>
			<array>
				<string>D4B3A2201CAD09360075AB4C</string>
				<string>D4B3A21E1CAD09360075AB4C</string>
			</array>
			<key>isa</key>
			<string>PBXGroup</string>
			<key>path</key>
			<string>RxQuizTests</string>
			<key>sourceTree</key>
			<string>&lt;group&gt;</string>
		</dict>
		<key>D4B3A21E1CAD09360075AB4C</key>
		<dict>
			<key>isa</key>
			<string>PBXFileReference</string>
			<key>lastKnownFileType</key>
			<string>sourcecode.swift</string>
			<key>path</key>
			<string>RxQuizTests.swift</string>
			<key>sourceTree</key>
			<string>&lt;group&gt;</string>
		</dict>
		<key>D4B3A21F1CAD09360075AB4C</key>
		<dict>
			<key>fileRef</key>
			<string>D4B3A21E1CAD09360075AB4C</string>
			<key>isa</key>
			<string>PBXBuildFile</string>
		</dict>
		<key>D4B3A2201CAD09360075AB4C</key>
		<dict>
			<key>isa</key>
			<string>PBXFileReference</string>
			<key>lastKnownFileType</key>
			<string>text.plist.xml</string>
			<key>path</key>
			<string>Info.plist</string>
			<key>sourceTree</key>
			<string>&lt;group&gt;</string>
		</dict>
		<key>D4B3A2211CAD09360075AB4C</key>
		<dict>
			<key>buildActionMask</key>
			<string>2147483647</string>
			<key>files</key>
			<array>
				<string>D4B3A22A1CAD09360075AB4C</string>
			</array>
			<key>isa</key>
			<string>PBXSourcesBuildPhase</string>
			<key>runOnlyForDeploymentPostprocessing</key>
			<string>0</string>
		</dict>
		<key>D4B3A2221CAD09360075AB4C</key>
		<dict>
			<key>buildActionMask</key>
			<string>2147483647</string>
			<key>files</key>
			<array/>
			<key>isa</key>
			<string>PBXFrameworksBuildPhase</string>
			<key>runOnlyForDeploymentPostprocessing</key>
			<string>0</string>
		</dict>
		<key>D4B3A2231CAD09360075AB4C</key>
		<dict>
			<key>buildActionMask</key>
			<string>2147483647</string>
			<key>files</key>
			<array/>
			<key>isa</key>
			<string>PBXResourcesBuildPhase</string>
			<key>runOnlyForDeploymentPostprocessing</key>
			<string>0</string>
		</dict>
		<key>D4B3A2241CAD09360075AB4C</key>
		<dict>
			<key>buildConfigurationList</key>
			<string>D4B3A2341CAD09360075AB4C</string>
			<key>buildPhases</key>
			<array>
				<string>D4B3A2211CAD09360075AB4C</string>
				<string>D4B3A2221CAD09360075AB4C</string>
				<string>D4B3A2231CAD09360075AB4C</string>
			</array>
			<key>buildRules</key>
			<array/>
			<key>dependencies</key>
			<array>
				<string>D4B3A2271CAD09360075AB4C</string>
			</array>
			<key>isa</key>
			<string>PBXNativeTarget</string>
			<key>name</key>
			<string>RxQuizUITests</string>
			<key>productName</key>
			<string>RxQuizUITests</string>
			<key>productReference</key>
			<string>D4B3A2251CAD09360075AB4C</string>
			<key>productType</key>
			<string>com.apple.product-type.bundle.ui-testing</string>
		</dict>
		<key>D4B3A2251CAD09360075AB4C</key>
		<dict>
			<key>explicitFileType</key>
			<string>wrapper.cfbundle</string>
			<key>includeInIndex</key>
			<string>0</string>
			<key>isa</key>
			<string>PBXFileReference</string>
			<key>path</key>
			<string>RxQuizUITests.xctest</string>
			<key>sourceTree</key>
			<string>BUILT_PRODUCTS_DIR</string>
		</dict>
		<key>D4B3A2261CAD09360075AB4C</key>
		<dict>
			<key>containerPortal</key>
			<string>D4B3A1FE1CAD09350075AB4C</string>
			<key>isa</key>
			<string>PBXContainerItemProxy</string>
			<key>proxyType</key>
			<string>1</string>
			<key>remoteGlobalIDString</key>
			<string>D4B3A2051CAD09350075AB4C</string>
			<key>remoteInfo</key>
			<string>RxQuiz</string>
		</dict>
		<key>D4B3A2271CAD09360075AB4C</key>
		<dict>
			<key>isa</key>
			<string>PBXTargetDependency</string>
			<key>target</key>
			<string>D4B3A2051CAD09350075AB4C</string>
			<key>targetProxy</key>
			<string>D4B3A2261CAD09360075AB4C</string>
		</dict>
		<key>D4B3A2281CAD09360075AB4C</key>
		<dict>
			<key>children</key>
			<array>
				<string>D4B3A22B1CAD09360075AB4C</string>
				<string>D4B3A2291CAD09360075AB4C</string>
			</array>
			<key>isa</key>
			<string>PBXGroup</string>
			<key>path</key>
			<string>RxQuizUITests</string>
			<key>sourceTree</key>
			<string>&lt;group&gt;</string>
		</dict>
		<key>D4B3A2291CAD09360075AB4C</key>
		<dict>
			<key>isa</key>
			<string>PBXFileReference</string>
			<key>lastKnownFileType</key>
			<string>sourcecode.swift</string>
			<key>path</key>
			<string>RxQuizUITests.swift</string>
			<key>sourceTree</key>
			<string>&lt;group&gt;</string>
		</dict>
		<key>D4B3A22A1CAD09360075AB4C</key>
		<dict>
			<key>fileRef</key>
			<string>D4B3A2291CAD09360075AB4C</string>
			<key>isa</key>
			<string>PBXBuildFile</string>
		</dict>
		<key>D4B3A22B1CAD09360075AB4C</key>
		<dict>
			<key>isa</key>
			<string>PBXFileReference</string>
			<key>lastKnownFileType</key>
			<string>text.plist.xml</string>
			<key>path</key>
			<string>Info.plist</string>
			<key>sourceTree</key>
			<string>&lt;group&gt;</string>
		</dict>
		<key>D4B3A22C1CAD09360075AB4C</key>
		<dict>
			<key>buildSettings</key>
			<dict>
				<key>ALWAYS_SEARCH_USER_PATHS</key>
				<string>NO</string>
				<key>CLANG_ANALYZER_NONNULL</key>
				<string>YES</string>
				<key>CLANG_CXX_LANGUAGE_STANDARD</key>
				<string>gnu++0x</string>
				<key>CLANG_CXX_LIBRARY</key>
				<string>libc++</string>
				<key>CLANG_ENABLE_MODULES</key>
				<string>YES</string>
				<key>CLANG_ENABLE_OBJC_ARC</key>
				<string>YES</string>
				<key>CLANG_WARN_BOOL_CONVERSION</key>
				<string>YES</string>
				<key>CLANG_WARN_CONSTANT_CONVERSION</key>
				<string>YES</string>
				<key>CLANG_WARN_DIRECT_OBJC_ISA_USAGE</key>
				<string>YES_ERROR</string>
				<key>CLANG_WARN_EMPTY_BODY</key>
				<string>YES</string>
				<key>CLANG_WARN_ENUM_CONVERSION</key>
				<string>YES</string>
				<key>CLANG_WARN_INT_CONVERSION</key>
				<string>YES</string>
				<key>CLANG_WARN_OBJC_ROOT_CLASS</key>
				<string>YES_ERROR</string>
				<key>CLANG_WARN_UNREACHABLE_CODE</key>
				<string>YES</string>
				<key>CLANG_WARN__DUPLICATE_METHOD_MATCH</key>
				<string>YES</string>
				<key>CODE_SIGN_IDENTITY[sdk=iphoneos*]</key>
				<string>iPhone Developer</string>
				<key>COPY_PHASE_STRIP</key>
				<string>NO</string>
				<key>DEBUG_INFORMATION_FORMAT</key>
				<string>dwarf</string>
				<key>ENABLE_STRICT_OBJC_MSGSEND</key>
				<string>YES</string>
				<key>ENABLE_TESTABILITY</key>
				<string>YES</string>
				<key>GCC_C_LANGUAGE_STANDARD</key>
				<string>gnu99</string>
				<key>GCC_DYNAMIC_NO_PIC</key>
				<string>NO</string>
				<key>GCC_NO_COMMON_BLOCKS</key>
				<string>YES</string>
				<key>GCC_OPTIMIZATION_LEVEL</key>
				<string>0</string>
				<key>GCC_PREPROCESSOR_DEFINITIONS</key>
				<array>
					<string>DEBUG=1</string>
					<string>$(inherited)</string>
				</array>
				<key>GCC_WARN_64_TO_32_BIT_CONVERSION</key>
				<string>YES</string>
				<key>GCC_WARN_ABOUT_RETURN_TYPE</key>
				<string>YES_ERROR</string>
				<key>GCC_WARN_UNDECLARED_SELECTOR</key>
				<string>YES</string>
				<key>GCC_WARN_UNINITIALIZED_AUTOS</key>
				<string>YES_AGGRESSIVE</string>
				<key>GCC_WARN_UNUSED_FUNCTION</key>
				<string>YES</string>
				<key>GCC_WARN_UNUSED_VARIABLE</key>
				<string>YES</string>
				<key>IPHONEOS_DEPLOYMENT_TARGET</key>
				<string>9.3</string>
				<key>MTL_ENABLE_DEBUG_INFO</key>
				<string>YES</string>
				<key>ONLY_ACTIVE_ARCH</key>
				<string>YES</string>
				<key>SDKROOT</key>
				<string>iphoneos</string>
				<key>SWIFT_OPTIMIZATION_LEVEL</key>
				<string>-Onone</string>
				<key>TARGETED_DEVICE_FAMILY</key>
				<string>1,2</string>
			</dict>
			<key>isa</key>
			<string>XCBuildConfiguration</string>
			<key>name</key>
			<string>Debug</string>
		</dict>
		<key>D4B3A22D1CAD09360075AB4C</key>
		<dict>
			<key>buildSettings</key>
			<dict>
				<key>ALWAYS_SEARCH_USER_PATHS</key>
				<string>NO</string>
				<key>CLANG_ANALYZER_NONNULL</key>
				<string>YES</string>
				<key>CLANG_CXX_LANGUAGE_STANDARD</key>
				<string>gnu++0x</string>
				<key>CLANG_CXX_LIBRARY</key>
				<string>libc++</string>
				<key>CLANG_ENABLE_MODULES</key>
				<string>YES</string>
				<key>CLANG_ENABLE_OBJC_ARC</key>
				<string>YES</string>
				<key>CLANG_WARN_BOOL_CONVERSION</key>
				<string>YES</string>
				<key>CLANG_WARN_CONSTANT_CONVERSION</key>
				<string>YES</string>
				<key>CLANG_WARN_DIRECT_OBJC_ISA_USAGE</key>
				<string>YES_ERROR</string>
				<key>CLANG_WARN_EMPTY_BODY</key>
				<string>YES</string>
				<key>CLANG_WARN_ENUM_CONVERSION</key>
				<string>YES</string>
				<key>CLANG_WARN_INT_CONVERSION</key>
				<string>YES</string>
				<key>CLANG_WARN_OBJC_ROOT_CLASS</key>
				<string>YES_ERROR</string>
				<key>CLANG_WARN_UNREACHABLE_CODE</key>
				<string>YES</string>
				<key>CLANG_WARN__DUPLICATE_METHOD_MATCH</key>
				<string>YES</string>
				<key>CODE_SIGN_IDENTITY[sdk=iphoneos*]</key>
				<string>iPhone Developer</string>
				<key>COPY_PHASE_STRIP</key>
				<string>NO</string>
				<key>DEBUG_INFORMATION_FORMAT</key>
				<string>dwarf-with-dsym</string>
				<key>ENABLE_NS_ASSERTIONS</key>
				<string>NO</string>
				<key>ENABLE_STRICT_OBJC_MSGSEND</key>
				<string>YES</string>
				<key>GCC_C_LANGUAGE_STANDARD</key>
				<string>gnu99</string>
				<key>GCC_NO_COMMON_BLOCKS</key>
				<string>YES</string>
				<key>GCC_WARN_64_TO_32_BIT_CONVERSION</key>
				<string>YES</string>
				<key>GCC_WARN_ABOUT_RETURN_TYPE</key>
				<string>YES_ERROR</string>
				<key>GCC_WARN_UNDECLARED_SELECTOR</key>
				<string>YES</string>
				<key>GCC_WARN_UNINITIALIZED_AUTOS</key>
				<string>YES_AGGRESSIVE</string>
				<key>GCC_WARN_UNUSED_FUNCTION</key>
				<string>YES</string>
				<key>GCC_WARN_UNUSED_VARIABLE</key>
				<string>YES</string>
				<key>IPHONEOS_DEPLOYMENT_TARGET</key>
				<string>9.3</string>
				<key>MTL_ENABLE_DEBUG_INFO</key>
				<string>NO</string>
				<key>SDKROOT</key>
				<string>iphoneos</string>
				<key>TARGETED_DEVICE_FAMILY</key>
				<string>1,2</string>
				<key>VALIDATE_PRODUCT</key>
				<string>YES</string>
			</dict>
			<key>isa</key>
			<string>XCBuildConfiguration</string>
			<key>name</key>
			<string>Release</string>
		</dict>
		<key>D4B3A22E1CAD09360075AB4C</key>
		<dict>
			<key>buildConfigurations</key>
			<array>
				<string>D4B3A22F1CAD09360075AB4C</string>
				<string>D4B3A2301CAD09360075AB4C</string>
			</array>
			<key>defaultConfigurationIsVisible</key>
			<string>0</string>
			<key>defaultConfigurationName</key>
			<string>Release</string>
			<key>isa</key>
			<string>XCConfigurationList</string>
		</dict>
		<key>D4B3A22F1CAD09360075AB4C</key>
		<dict>
			<key>baseConfigurationReference</key>
			<string>6A52DF9E9A2FFA3809872FE1</string>
			<key>buildSettings</key>
			<dict>
				<key>ASSETCATALOG_COMPILER_APPICON_NAME</key>
				<string>AppIcon</string>
				<key>FRAMEWORK_SEARCH_PATHS</key>
				<array>
					<string>$(inherited)</string>
					<string>$(PROJECT_DIR)/Carthage/Build/iOS</string>
				</array>
				<key>INFOPLIST_FILE</key>
				<string>RxQuiz/Info.plist</string>
				<key>LD_RUNPATH_SEARCH_PATHS</key>
				<string>$(inherited) @executable_path/Frameworks</string>
				<key>PRODUCT_BUNDLE_IDENTIFIER</key>
				<string>com.nakailand.RxQuiz</string>
				<key>PRODUCT_NAME</key>
				<string>$(TARGET_NAME)</string>
			</dict>
			<key>isa</key>
			<string>XCBuildConfiguration</string>
			<key>name</key>
			<string>Debug</string>
		</dict>
		<key>D4B3A2301CAD09360075AB4C</key>
		<dict>
			<key>baseConfigurationReference</key>
			<string>404286BEF88AC504F9A800A0</string>
			<key>buildSettings</key>
			<dict>
				<key>ASSETCATALOG_COMPILER_APPICON_NAME</key>
				<string>AppIcon</string>
				<key>FRAMEWORK_SEARCH_PATHS</key>
				<array>
					<string>$(inherited)</string>
					<string>$(PROJECT_DIR)/Carthage/Build/iOS</string>
				</array>
				<key>INFOPLIST_FILE</key>
				<string>RxQuiz/Info.plist</string>
				<key>LD_RUNPATH_SEARCH_PATHS</key>
				<string>$(inherited) @executable_path/Frameworks</string>
				<key>PRODUCT_BUNDLE_IDENTIFIER</key>
				<string>com.nakailand.RxQuiz</string>
				<key>PRODUCT_NAME</key>
				<string>$(TARGET_NAME)</string>
			</dict>
			<key>isa</key>
			<string>XCBuildConfiguration</string>
			<key>name</key>
			<string>Release</string>
		</dict>
		<key>D4B3A2311CAD09360075AB4C</key>
		<dict>
			<key>buildConfigurations</key>
			<array>
				<string>D4B3A2321CAD09360075AB4C</string>
				<string>D4B3A2331CAD09360075AB4C</string>
			</array>
			<key>defaultConfigurationIsVisible</key>
			<string>0</string>
			<key>defaultConfigurationName</key>
			<string>Release</string>
			<key>isa</key>
			<string>XCConfigurationList</string>
		</dict>
		<key>D4B3A2321CAD09360075AB4C</key>
		<dict>
			<key>buildSettings</key>
			<dict>
				<key>BUNDLE_LOADER</key>
				<string>$(TEST_HOST)</string>
				<key>INFOPLIST_FILE</key>
				<string>RxQuizTests/Info.plist</string>
				<key>LD_RUNPATH_SEARCH_PATHS</key>
				<string>$(inherited) @executable_path/Frameworks @loader_path/Frameworks</string>
				<key>PRODUCT_BUNDLE_IDENTIFIER</key>
				<string>com.nakailand.RxQuizTests</string>
				<key>PRODUCT_NAME</key>
				<string>$(TARGET_NAME)</string>
				<key>TEST_HOST</key>
				<string>$(BUILT_PRODUCTS_DIR)/RxQuiz.app/RxQuiz</string>
			</dict>
			<key>isa</key>
			<string>XCBuildConfiguration</string>
			<key>name</key>
			<string>Debug</string>
		</dict>
		<key>D4B3A2331CAD09360075AB4C</key>
		<dict>
			<key>buildSettings</key>
			<dict>
				<key>BUNDLE_LOADER</key>
				<string>$(TEST_HOST)</string>
				<key>INFOPLIST_FILE</key>
				<string>RxQuizTests/Info.plist</string>
				<key>LD_RUNPATH_SEARCH_PATHS</key>
				<string>$(inherited) @executable_path/Frameworks @loader_path/Frameworks</string>
				<key>PRODUCT_BUNDLE_IDENTIFIER</key>
				<string>com.nakailand.RxQuizTests</string>
				<key>PRODUCT_NAME</key>
				<string>$(TARGET_NAME)</string>
				<key>TEST_HOST</key>
				<string>$(BUILT_PRODUCTS_DIR)/RxQuiz.app/RxQuiz</string>
			</dict>
			<key>isa</key>
			<string>XCBuildConfiguration</string>
			<key>name</key>
			<string>Release</string>
		</dict>
		<key>D4B3A2341CAD09360075AB4C</key>
		<dict>
			<key>buildConfigurations</key>
			<array>
				<string>D4B3A2351CAD09360075AB4C</string>
				<string>D4B3A2361CAD09360075AB4C</string>
			</array>
			<key>defaultConfigurationIsVisible</key>
			<string>0</string>
			<key>defaultConfigurationName</key>
			<string>Release</string>
			<key>isa</key>
			<string>XCConfigurationList</string>
		</dict>
		<key>D4B3A2351CAD09360075AB4C</key>
		<dict>
			<key>buildSettings</key>
			<dict>
				<key>INFOPLIST_FILE</key>
				<string>RxQuizUITests/Info.plist</string>
				<key>LD_RUNPATH_SEARCH_PATHS</key>
				<string>$(inherited) @executable_path/Frameworks @loader_path/Frameworks</string>
				<key>PRODUCT_BUNDLE_IDENTIFIER</key>
				<string>com.nakailand.RxQuizUITests</string>
				<key>PRODUCT_NAME</key>
				<string>$(TARGET_NAME)</string>
				<key>TEST_TARGET_NAME</key>
				<string>RxQuiz</string>
			</dict>
			<key>isa</key>
			<string>XCBuildConfiguration</string>
			<key>name</key>
			<string>Debug</string>
		</dict>
		<key>D4B3A2361CAD09360075AB4C</key>
		<dict>
			<key>buildSettings</key>
			<dict>
				<key>INFOPLIST_FILE</key>
				<string>RxQuizUITests/Info.plist</string>
				<key>LD_RUNPATH_SEARCH_PATHS</key>
				<string>$(inherited) @executable_path/Frameworks @loader_path/Frameworks</string>
				<key>PRODUCT_BUNDLE_IDENTIFIER</key>
				<string>com.nakailand.RxQuizUITests</string>
				<key>PRODUCT_NAME</key>
				<string>$(TARGET_NAME)</string>
				<key>TEST_TARGET_NAME</key>
				<string>RxQuiz</string>
			</dict>
			<key>isa</key>
			<string>XCBuildConfiguration</string>
			<key>name</key>
			<string>Release</string>
		</dict>
		<key>D4B3A2431CAD12890075AB4C</key>
		<dict>
			<key>buildActionMask</key>
			<string>2147483647</string>
			<key>dstPath</key>
			<string></string>
			<key>dstSubfolderSpec</key>
			<string>10</string>
			<key>files</key>
			<array/>
			<key>isa</key>
			<string>PBXCopyFilesBuildPhase</string>
			<key>name</key>
			<string>Embed Frameworks</string>
			<key>runOnlyForDeploymentPostprocessing</key>
			<string>0</string>
		</dict>
		<key>D4B3A2451CAD129D0075AB4C</key>
		<dict>
			<key>buildActionMask</key>
			<string>2147483647</string>
			<key>files</key>
			<array/>
			<key>inputPaths</key>
			<array/>
			<key>isa</key>
			<string>PBXShellScriptBuildPhase</string>
			<key>outputPaths</key>
			<array/>
			<key>runOnlyForDeploymentPostprocessing</key>
			<string>0</string>
			<key>shellPath</key>
			<string>/bin/sh</string>
			<key>shellScript</key>
			<string></string>
		</dict>
		<key>D4B3A2461CAD26360075AB4C</key>
		<dict>
			<key>fileEncoding</key>
			<string>4</string>
			<key>isa</key>
			<string>PBXFileReference</string>
			<key>lastKnownFileType</key>
			<string>sourcecode.swift</string>
			<key>path</key>
			<string>QuizViewController.swift</string>
			<key>sourceTree</key>
			<string>&lt;group&gt;</string>
		</dict>
		<key>D4B3A2471CAD26360075AB4C</key>
		<dict>
			<key>fileRef</key>
			<string>D4B3A2461CAD26360075AB4C</string>
			<key>isa</key>
			<string>PBXBuildFile</string>
		</dict>
		<key>D4B3A2481CAD26480075AB4C</key>
		<dict>
			<key>fileEncoding</key>
			<string>4</string>
			<key>isa</key>
			<string>PBXFileReference</string>
			<key>lastKnownFileType</key>
			<string>file.storyboard</string>
			<key>path</key>
			<string>Quiz.storyboard</string>
			<key>sourceTree</key>
			<string>&lt;group&gt;</string>
		</dict>
		<key>D4B3A2491CAD26480075AB4C</key>
		<dict>
			<key>fileRef</key>
			<string>D4B3A2481CAD26480075AB4C</string>
			<key>isa</key>
			<string>PBXBuildFile</string>
		</dict>
		<key>D4B3A24A1CAD2E2A0075AB4C</key>
		<dict>
			<key>children</key>
			<array>
				<string>D4B3A2531CAE3EE30075AB4C</string>
			</array>
			<key>isa</key>
			<string>PBXGroup</string>
			<key>path</key>
			<string>JSON</string>
			<key>sourceTree</key>
			<string>&lt;group&gt;</string>
		</dict>
		<key>D4B3A24D1CAD61710075AB4C</key>
		<dict>
			<key>fileEncoding</key>
			<string>4</string>
			<key>isa</key>
			<string>PBXFileReference</string>
			<key>lastKnownFileType</key>
			<string>sourcecode.swift</string>
			<key>path</key>
			<string>CollectionType+Additions.swift</string>
			<key>sourceTree</key>
			<string>&lt;group&gt;</string>
		</dict>
		<key>D4B3A24E1CAD61710075AB4C</key>
		<dict>
			<key>fileRef</key>
			<string>D4B3A24D1CAD61710075AB4C</string>
			<key>isa</key>
			<string>PBXBuildFile</string>
		</dict>
		<key>D4B3A24F1CAD61880075AB4C</key>
		<dict>
			<key>fileEncoding</key>
			<string>4</string>
			<key>isa</key>
			<string>PBXFileReference</string>
			<key>lastKnownFileType</key>
			<string>sourcecode.swift</string>
			<key>path</key>
			<string>MutableColletionType+Additions.swift</string>
			<key>sourceTree</key>
			<string>&lt;group&gt;</string>
		</dict>
		<key>D4B3A2501CAD61880075AB4C</key>
		<dict>
			<key>fileRef</key>
			<string>D4B3A24F1CAD61880075AB4C</string>
			<key>isa</key>
			<string>PBXBuildFile</string>
		</dict>
		<key>D4B3A2511CAD61A10075AB4C</key>
		<dict>
			<key>fileEncoding</key>
			<string>4</string>
			<key>isa</key>
			<string>PBXFileReference</string>
			<key>lastKnownFileType</key>
			<string>sourcecode.swift</string>
			<key>path</key>
			<string>Question.swift</string>
			<key>sourceTree</key>
			<string>&lt;group&gt;</string>
		</dict>
		<key>D4B3A2521CAD61A10075AB4C</key>
		<dict>
			<key>fileRef</key>
			<string>D4B3A2511CAD61A10075AB4C</string>
			<key>isa</key>
			<string>PBXBuildFile</string>
		</dict>
		<key>D4B3A2531CAE3EE30075AB4C</key>
		<dict>
			<key>fileEncoding</key>
			<string>4</string>
			<key>isa</key>
			<string>PBXFileReference</string>
			<key>lastKnownFileType</key>
			<string>text.json</string>
			<key>path</key>
			<string>Quiz.json</string>
			<key>sourceTree</key>
			<string>&lt;group&gt;</string>
		</dict>
		<key>D4B3A2541CAE3EE30075AB4C</key>
		<dict>
			<key>fileRef</key>
			<string>D4B3A2531CAE3EE30075AB4C</string>
			<key>isa</key>
			<string>PBXBuildFile</string>
		</dict>
		<key>F7DE60116E6CFAAE41A89FBA</key>
		<dict>
			<key>explicitFileType</key>
			<string>wrapper.framework</string>
			<key>includeInIndex</key>
			<string>0</string>
			<key>isa</key>
			<string>PBXFileReference</string>
			<key>path</key>
			<string>Pods_RxQuiz.framework</string>
			<key>sourceTree</key>
			<string>BUILT_PRODUCTS_DIR</string>
		</dict>
	</dict>
	<key>rootObject</key>
	<string>D4B3A1FE1CAD09350075AB4C</string>
</dict>
</plist>
