// !$*UTF8*$!
{
	archiveVersion = 1;
	classes = {
	};
	objectVersion = 46;
	objects = {

/* Begin PBXBuildFile section */
		1043314FE8AA99F7339DB116 /* Pods_RxQuiz.framework in Frameworks */ = {isa = PBXBuildFile; fileRef = F7DE60116E6CFAAE41A89FBA /* Pods_RxQuiz.framework */; };
		84B440011CB96CFE00AD1A23 /* correct.mp3 in Resources */ = {isa = PBXBuildFile; fileRef = 84B43FFF1CB96CFE00AD1A23 /* correct.mp3 */; };
		84B440021CB96CFE00AD1A23 /* incorrect.mp3 in Resources */ = {isa = PBXBuildFile; fileRef = 84B440001CB96CFE00AD1A23 /* incorrect.mp3 */; };
		D4B3A20A1CAD09350075AB4C /* AppDelegate.swift in Sources */ = {isa = PBXBuildFile; fileRef = D4B3A2091CAD09350075AB4C /* AppDelegate.swift */; };
		D4B3A20C1CAD09350075AB4C /* ViewController.swift in Sources */ = {isa = PBXBuildFile; fileRef = D4B3A20B1CAD09350075AB4C /* ViewController.swift */; };
		D4B3A20F1CAD09350075AB4C /* Main.storyboard in Resources */ = {isa = PBXBuildFile; fileRef = D4B3A20D1CAD09350075AB4C /* Main.storyboard */; };
		D4B3A2111CAD09350075AB4C /* Assets.xcassets in Resources */ = {isa = PBXBuildFile; fileRef = D4B3A2101CAD09350075AB4C /* Assets.xcassets */; };
		D4B3A2141CAD09350075AB4C /* LaunchScreen.storyboard in Resources */ = {isa = PBXBuildFile; fileRef = D4B3A2121CAD09350075AB4C /* LaunchScreen.storyboard */; };
		D4B3A21F1CAD09360075AB4C /* RxQuizTests.swift in Sources */ = {isa = PBXBuildFile; fileRef = D4B3A21E1CAD09360075AB4C /* RxQuizTests.swift */; };
		D4B3A22A1CAD09360075AB4C /* RxQuizUITests.swift in Sources */ = {isa = PBXBuildFile; fileRef = D4B3A2291CAD09360075AB4C /* RxQuizUITests.swift */; };
		D4B3A2471CAD26360075AB4C /* QuizViewController.swift in Sources */ = {isa = PBXBuildFile; fileRef = D4B3A2461CAD26360075AB4C /* QuizViewController.swift */; };
		D4B3A2491CAD26480075AB4C /* Quiz.storyboard in Resources */ = {isa = PBXBuildFile; fileRef = D4B3A2481CAD26480075AB4C /* Quiz.storyboard */; };
		D4B3A24E1CAD61710075AB4C /* CollectionType+Additions.swift in Sources */ = {isa = PBXBuildFile; fileRef = D4B3A24D1CAD61710075AB4C /* CollectionType+Additions.swift */; };
		D4B3A2501CAD61880075AB4C /* MutableColletionType+Additions.swift in Sources */ = {isa = PBXBuildFile; fileRef = D4B3A24F1CAD61880075AB4C /* MutableColletionType+Additions.swift */; };
		D4B3A2521CAD61A10075AB4C /* Question.swift in Sources */ = {isa = PBXBuildFile; fileRef = D4B3A2511CAD61A10075AB4C /* Question.swift */; };
		D4B3A2541CAE3EE30075AB4C /* Quiz.json in Resources */ = {isa = PBXBuildFile; fileRef = D4B3A2531CAE3EE30075AB4C /* Quiz.json */; };
/* End PBXBuildFile section */

/* Begin PBXContainerItemProxy section */
		D4B3A21B1CAD09360075AB4C /* PBXContainerItemProxy */ = {
			isa = PBXContainerItemProxy;
			containerPortal = D4B3A1FE1CAD09350075AB4C /* Project object */;
			proxyType = 1;
			remoteGlobalIDString = D4B3A2051CAD09350075AB4C;
			remoteInfo = RxQuiz;
		};
		D4B3A2261CAD09360075AB4C /* PBXContainerItemProxy */ = {
			isa = PBXContainerItemProxy;
			containerPortal = D4B3A1FE1CAD09350075AB4C /* Project object */;
			proxyType = 1;
			remoteGlobalIDString = D4B3A2051CAD09350075AB4C;
			remoteInfo = RxQuiz;
		};
/* End PBXContainerItemProxy section */

/* Begin PBXCopyFilesBuildPhase section */
		D4B3A2431CAD12890075AB4C /* Embed Frameworks */ = {
			isa = PBXCopyFilesBuildPhase;
			buildActionMask = 2147483647;
			dstPath = "";
			dstSubfolderSpec = 10;
			files = (
			);
			name = "Embed Frameworks";
			runOnlyForDeploymentPostprocessing = 0;
		};
/* End PBXCopyFilesBuildPhase section */

/* Begin PBXFileReference section */
		404286BEF88AC504F9A800A0 /* Pods-RxQuiz.release.xcconfig */ = {isa = PBXFileReference; includeInIndex = 1; lastKnownFileType = text.xcconfig; name = "Pods-RxQuiz.release.xcconfig"; path = "Pods/Target Support Files/Pods-RxQuiz/Pods-RxQuiz.release.xcconfig"; sourceTree = "<group>"; };
		6A52DF9E9A2FFA3809872FE1 /* Pods-RxQuiz.debug.xcconfig */ = {isa = PBXFileReference; includeInIndex = 1; lastKnownFileType = text.xcconfig; name = "Pods-RxQuiz.debug.xcconfig"; path = "Pods/Target Support Files/Pods-RxQuiz/Pods-RxQuiz.debug.xcconfig"; sourceTree = "<group>"; };
		84B43FFF1CB96CFE00AD1A23 /* correct.mp3 */ = {isa = PBXFileReference; lastKnownFileType = audio.mp3; path = correct.mp3; sourceTree = "<group>"; };
		84B440001CB96CFE00AD1A23 /* incorrect.mp3 */ = {isa = PBXFileReference; lastKnownFileType = audio.mp3; path = incorrect.mp3; sourceTree = "<group>"; };
		D4B3A2061CAD09350075AB4C /* RxQuiz.app */ = {isa = PBXFileReference; explicitFileType = wrapper.application; includeInIndex = 0; path = RxQuiz.app; sourceTree = BUILT_PRODUCTS_DIR; };
		D4B3A2091CAD09350075AB4C /* AppDelegate.swift */ = {isa = PBXFileReference; lastKnownFileType = sourcecode.swift; path = AppDelegate.swift; sourceTree = "<group>"; };
		D4B3A20B1CAD09350075AB4C /* ViewController.swift */ = {isa = PBXFileReference; lastKnownFileType = sourcecode.swift; path = ViewController.swift; sourceTree = "<group>"; };
		D4B3A20E1CAD09350075AB4C /* Base */ = {isa = PBXFileReference; lastKnownFileType = file.storyboard; name = Base; path = Base.lproj/Main.storyboard; sourceTree = "<group>"; };
		D4B3A2101CAD09350075AB4C /* Assets.xcassets */ = {isa = PBXFileReference; lastKnownFileType = folder.assetcatalog; path = Assets.xcassets; sourceTree = "<group>"; };
		D4B3A2131CAD09350075AB4C /* Base */ = {isa = PBXFileReference; lastKnownFileType = file.storyboard; name = Base; path = Base.lproj/LaunchScreen.storyboard; sourceTree = "<group>"; };
		D4B3A2151CAD09350075AB4C /* Info.plist */ = {isa = PBXFileReference; lastKnownFileType = text.plist.xml; path = Info.plist; sourceTree = "<group>"; };
		D4B3A21A1CAD09360075AB4C /* RxQuizTests.xctest */ = {isa = PBXFileReference; explicitFileType = wrapper.cfbundle; includeInIndex = 0; path = RxQuizTests.xctest; sourceTree = BUILT_PRODUCTS_DIR; };
		D4B3A21E1CAD09360075AB4C /* RxQuizTests.swift */ = {isa = PBXFileReference; lastKnownFileType = sourcecode.swift; path = RxQuizTests.swift; sourceTree = "<group>"; };
		D4B3A2201CAD09360075AB4C /* Info.plist */ = {isa = PBXFileReference; lastKnownFileType = text.plist.xml; path = Info.plist; sourceTree = "<group>"; };
		D4B3A2251CAD09360075AB4C /* RxQuizUITests.xctest */ = {isa = PBXFileReference; explicitFileType = wrapper.cfbundle; includeInIndex = 0; path = RxQuizUITests.xctest; sourceTree = BUILT_PRODUCTS_DIR; };
		D4B3A2291CAD09360075AB4C /* RxQuizUITests.swift */ = {isa = PBXFileReference; lastKnownFileType = sourcecode.swift; path = RxQuizUITests.swift; sourceTree = "<group>"; };
		D4B3A22B1CAD09360075AB4C /* Info.plist */ = {isa = PBXFileReference; lastKnownFileType = text.plist.xml; path = Info.plist; sourceTree = "<group>"; };
		D4B3A2461CAD26360075AB4C /* QuizViewController.swift */ = {isa = PBXFileReference; fileEncoding = 4; lastKnownFileType = sourcecode.swift; path = QuizViewController.swift; sourceTree = "<group>"; };
		D4B3A2481CAD26480075AB4C /* Quiz.storyboard */ = {isa = PBXFileReference; fileEncoding = 4; lastKnownFileType = file.storyboard; path = Quiz.storyboard; sourceTree = "<group>"; };
		D4B3A24D1CAD61710075AB4C /* CollectionType+Additions.swift */ = {isa = PBXFileReference; fileEncoding = 4; lastKnownFileType = sourcecode.swift; path = "CollectionType+Additions.swift"; sourceTree = "<group>"; };
		D4B3A24F1CAD61880075AB4C /* MutableColletionType+Additions.swift */ = {isa = PBXFileReference; fileEncoding = 4; lastKnownFileType = sourcecode.swift; path = "MutableColletionType+Additions.swift"; sourceTree = "<group>"; };
		D4B3A2511CAD61A10075AB4C /* Question.swift */ = {isa = PBXFileReference; fileEncoding = 4; lastKnownFileType = sourcecode.swift; path = Question.swift; sourceTree = "<group>"; };
		D4B3A2531CAE3EE30075AB4C /* Quiz.json */ = {isa = PBXFileReference; fileEncoding = 4; lastKnownFileType = text.json; path = Quiz.json; sourceTree = "<group>"; };
		F7DE60116E6CFAAE41A89FBA /* Pods_RxQuiz.framework */ = {isa = PBXFileReference; explicitFileType = wrapper.framework; includeInIndex = 0; path = Pods_RxQuiz.framework; sourceTree = BUILT_PRODUCTS_DIR; };
/* End PBXFileReference section */

/* Begin PBXFrameworksBuildPhase section */
		D4B3A2031CAD09350075AB4C /* Frameworks */ = {
			isa = PBXFrameworksBuildPhase;
			buildActionMask = 2147483647;
			files = (
				1043314FE8AA99F7339DB116 /* Pods_RxQuiz.framework in Frameworks */,
			);
			runOnlyForDeploymentPostprocessing = 0;
		};
		D4B3A2171CAD09360075AB4C /* Frameworks */ = {
			isa = PBXFrameworksBuildPhase;
			buildActionMask = 2147483647;
			files = (
			);
			runOnlyForDeploymentPostprocessing = 0;
		};
		D4B3A2221CAD09360075AB4C /* Frameworks */ = {
			isa = PBXFrameworksBuildPhase;
			buildActionMask = 2147483647;
			files = (
			);
			runOnlyForDeploymentPostprocessing = 0;
		};
/* End PBXFrameworksBuildPhase section */

/* Begin PBXGroup section */
		84B43FFA1CB6E76100AD1A23 /* ViewController */ = {
			isa = PBXGroup;
			children = (
				D4B3A2461CAD26360075AB4C /* QuizViewController.swift */,
				D4B3A20B1CAD09350075AB4C /* ViewController.swift */,
			);
			path = ViewController;
			sourceTree = "<group>";
		};
		84B43FFB1CB6E76E00AD1A23 /* Storyboard */ = {
			isa = PBXGroup;
			children = (
				D4B3A20D1CAD09350075AB4C /* Main.storyboard */,
				D4B3A2481CAD26480075AB4C /* Quiz.storyboard */,
			);
			path = Storyboard;
			sourceTree = "<group>";
		};
		84B43FFC1CB6E78B00AD1A23 /* Additions */ = {
			isa = PBXGroup;
			children = (
				D4B3A24D1CAD61710075AB4C /* CollectionType+Additions.swift */,
				D4B3A24F1CAD61880075AB4C /* MutableColletionType+Additions.swift */,
			);
			path = Additions;
			sourceTree = "<group>";
		};
		84B43FFD1CB6E79A00AD1A23 /* Model */ = {
			isa = PBXGroup;
			children = (
				D4B3A2511CAD61A10075AB4C /* Question.swift */,
			);
			path = Model;
			sourceTree = "<group>";
		};
		84B43FFE1CB96CF100AD1A23 /* Sound */ = {
			isa = PBXGroup;
			children = (
				84B43FFF1CB96CFE00AD1A23 /* correct.mp3 */,
				84B440001CB96CFE00AD1A23 /* incorrect.mp3 */,
			);
			path = Sound;
			sourceTree = "<group>";
		};
		8B833C239D97313BACE345F1 /* Pods */ = {
			isa = PBXGroup;
			children = (
				6A52DF9E9A2FFA3809872FE1 /* Pods-RxQuiz.debug.xcconfig */,
				404286BEF88AC504F9A800A0 /* Pods-RxQuiz.release.xcconfig */,
			);
			name = Pods;
			sourceTree = "<group>";
		};
		A6E514A515CF6D55DCCD30D0 /* Frameworks */ = {
			isa = PBXGroup;
			children = (
				F7DE60116E6CFAAE41A89FBA /* Pods_RxQuiz.framework */,
			);
			name = Frameworks;
			sourceTree = "<group>";
		};
		D4B3A1FD1CAD09350075AB4C = {
			isa = PBXGroup;
			children = (
				A6E514A515CF6D55DCCD30D0 /* Frameworks */,
				8B833C239D97313BACE345F1 /* Pods */,
				D4B3A2071CAD09350075AB4C /* Products */,
				D4B3A2081CAD09350075AB4C /* RxQuiz */,
				D4B3A21D1CAD09360075AB4C /* RxQuizTests */,
				D4B3A2281CAD09360075AB4C /* RxQuizUITests */,
			);
			sourceTree = "<group>";
		};
		D4B3A2071CAD09350075AB4C /* Products */ = {
			isa = PBXGroup;
			children = (
				D4B3A2061CAD09350075AB4C /* RxQuiz.app */,
				D4B3A21A1CAD09360075AB4C /* RxQuizTests.xctest */,
				D4B3A2251CAD09360075AB4C /* RxQuizUITests.xctest */,
			);
			name = Products;
			sourceTree = "<group>";
		};
		D4B3A2081CAD09350075AB4C /* RxQuiz */ = {
			isa = PBXGroup;
			children = (
				84B43FFC1CB6E78B00AD1A23 /* Additions */,
				D4B3A24A1CAD2E2A0075AB4C /* JSON */,
				84B43FFD1CB6E79A00AD1A23 /* Model */,
				84B43FFE1CB96CF100AD1A23 /* Sound */,
				84B43FFB1CB6E76E00AD1A23 /* Storyboard */,
				84B43FFA1CB6E76100AD1A23 /* ViewController */,
				D4B3A2091CAD09350075AB4C /* AppDelegate.swift */,
				D4B3A2101CAD09350075AB4C /* Assets.xcassets */,
				D4B3A2151CAD09350075AB4C /* Info.plist */,
				D4B3A2121CAD09350075AB4C /* LaunchScreen.storyboard */,
			);
			path = RxQuiz;
			sourceTree = "<group>";
		};
		D4B3A21D1CAD09360075AB4C /* RxQuizTests */ = {
			isa = PBXGroup;
			children = (
				D4B3A2201CAD09360075AB4C /* Info.plist */,
				D4B3A21E1CAD09360075AB4C /* RxQuizTests.swift */,
			);
			path = RxQuizTests;
			sourceTree = "<group>";
		};
		D4B3A2281CAD09360075AB4C /* RxQuizUITests */ = {
			isa = PBXGroup;
			children = (
				D4B3A22B1CAD09360075AB4C /* Info.plist */,
				D4B3A2291CAD09360075AB4C /* RxQuizUITests.swift */,
			);
			path = RxQuizUITests;
			sourceTree = "<group>";
		};
		D4B3A24A1CAD2E2A0075AB4C /* JSON */ = {
			isa = PBXGroup;
			children = (
				D4B3A2531CAE3EE30075AB4C /* Quiz.json */,
			);
			path = JSON;
			sourceTree = "<group>";
		};
/* End PBXGroup section */

/* Begin PBXNativeTarget section */
		D4B3A2051CAD09350075AB4C /* RxQuiz */ = {
			isa = PBXNativeTarget;
			buildConfigurationList = D4B3A22E1CAD09360075AB4C /* Build configuration list for PBXNativeTarget "RxQuiz" */;
			buildPhases = (
				39AA6E36FC9ABA1CAD631A02 /* Check Pods Manifest.lock */,
				D4B3A2021CAD09350075AB4C /* Sources */,
				D4B3A2031CAD09350075AB4C /* Frameworks */,
				D4B3A2041CAD09350075AB4C /* Resources */,
				D4B3A2431CAD12890075AB4C /* Embed Frameworks */,
				D4B3A2451CAD129D0075AB4C /* ShellScript */,
				2E8D5325C5A929548DE7D912 /* Embed Pods Frameworks */,
				0315DD8DED008D8893AC2E37 /* Copy Pods Resources */,
			);
			buildRules = (
			);
			dependencies = (
			);
			name = RxQuiz;
			productName = RxQuiz;
			productReference = D4B3A2061CAD09350075AB4C /* RxQuiz.app */;
			productType = "com.apple.product-type.application";
		};
		D4B3A2191CAD09360075AB4C /* RxQuizTests */ = {
			isa = PBXNativeTarget;
			buildConfigurationList = D4B3A2311CAD09360075AB4C /* Build configuration list for PBXNativeTarget "RxQuizTests" */;
			buildPhases = (
				D4B3A2161CAD09360075AB4C /* Sources */,
				D4B3A2171CAD09360075AB4C /* Frameworks */,
				D4B3A2181CAD09360075AB4C /* Resources */,
			);
			buildRules = (
			);
			dependencies = (
				D4B3A21C1CAD09360075AB4C /* PBXTargetDependency */,
			);
			name = RxQuizTests;
			productName = RxQuizTests;
			productReference = D4B3A21A1CAD09360075AB4C /* RxQuizTests.xctest */;
			productType = "com.apple.product-type.bundle.unit-test";
		};
		D4B3A2241CAD09360075AB4C /* RxQuizUITests */ = {
			isa = PBXNativeTarget;
			buildConfigurationList = D4B3A2341CAD09360075AB4C /* Build configuration list for PBXNativeTarget "RxQuizUITests" */;
			buildPhases = (
				D4B3A2211CAD09360075AB4C /* Sources */,
				D4B3A2221CAD09360075AB4C /* Frameworks */,
				D4B3A2231CAD09360075AB4C /* Resources */,
			);
			buildRules = (
			);
			dependencies = (
				D4B3A2271CAD09360075AB4C /* PBXTargetDependency */,
			);
			name = RxQuizUITests;
			productName = RxQuizUITests;
			productReference = D4B3A2251CAD09360075AB4C /* RxQuizUITests.xctest */;
			productType = "com.apple.product-type.bundle.ui-testing";
		};
/* End PBXNativeTarget section */

/* Begin PBXProject section */
		D4B3A1FE1CAD09350075AB4C /* Project object */ = {
			isa = PBXProject;
			attributes = {
				LastSwiftUpdateCheck = 0730;
				LastUpgradeCheck = 0730;
				ORGANIZATIONNAME = nakazy;
				TargetAttributes = {
					D4B3A2051CAD09350075AB4C = {
						CreatedOnToolsVersion = 7.3;
					};
					D4B3A2191CAD09360075AB4C = {
						CreatedOnToolsVersion = 7.3;
						TestTargetID = D4B3A2051CAD09350075AB4C;
					};
					D4B3A2241CAD09360075AB4C = {
						CreatedOnToolsVersion = 7.3;
						TestTargetID = D4B3A2051CAD09350075AB4C;
					};
				};
			};
			buildConfigurationList = D4B3A2011CAD09350075AB4C /* Build configuration list for PBXProject "RxQuiz" */;
			compatibilityVersion = "Xcode 3.2";
			developmentRegion = English;
			hasScannedForEncodings = 0;
			knownRegions = (
				en,
				Base,
			);
			mainGroup = D4B3A1FD1CAD09350075AB4C;
			productRefGroup = D4B3A2071CAD09350075AB4C /* Products */;
			projectDirPath = "";
			projectRoot = "";
			targets = (
				D4B3A2051CAD09350075AB4C /* RxQuiz */,
				D4B3A2191CAD09360075AB4C /* RxQuizTests */,
				D4B3A2241CAD09360075AB4C /* RxQuizUITests */,
			);
		};
/* End PBXProject section */

/* Begin PBXResourcesBuildPhase section */
		D4B3A2041CAD09350075AB4C /* Resources */ = {
			isa = PBXResourcesBuildPhase;
			buildActionMask = 2147483647;
			files = (
				D4B3A2141CAD09350075AB4C /* LaunchScreen.storyboard in Resources */,
				84B440021CB96CFE00AD1A23 /* incorrect.mp3 in Resources */,
				D4B3A2111CAD09350075AB4C /* Assets.xcassets in Resources */,
				D4B3A20F1CAD09350075AB4C /* Main.storyboard in Resources */,
				D4B3A2541CAE3EE30075AB4C /* Quiz.json in Resources */,
				D4B3A2491CAD26480075AB4C /* Quiz.storyboard in Resources */,
				84B440011CB96CFE00AD1A23 /* correct.mp3 in Resources */,
			);
			runOnlyForDeploymentPostprocessing = 0;
		};
		D4B3A2181CAD09360075AB4C /* Resources */ = {
			isa = PBXResourcesBuildPhase;
			buildActionMask = 2147483647;
			files = (
			);
			runOnlyForDeploymentPostprocessing = 0;
		};
		D4B3A2231CAD09360075AB4C /* Resources */ = {
			isa = PBXResourcesBuildPhase;
			buildActionMask = 2147483647;
			files = (
			);
			runOnlyForDeploymentPostprocessing = 0;
		};
/* End PBXResourcesBuildPhase section */

/* Begin PBXShellScriptBuildPhase section */
		0315DD8DED008D8893AC2E37 /* Copy Pods Resources */ = {
			isa = PBXShellScriptBuildPhase;
			buildActionMask = 2147483647;
			files = (
			);
			inputPaths = (
			);
			name = "Copy Pods Resources";
			outputPaths = (
			);
			runOnlyForDeploymentPostprocessing = 0;
			shellPath = /bin/sh;
			shellScript = "\"${SRCROOT}/Pods/Target Support Files/Pods-RxQuiz/Pods-RxQuiz-resources.sh\"\n";
			showEnvVarsInLog = 0;
		};
		2E8D5325C5A929548DE7D912 /* Embed Pods Frameworks */ = {
			isa = PBXShellScriptBuildPhase;
			buildActionMask = 2147483647;
			files = (
			);
			inputPaths = (
			);
			name = "Embed Pods Frameworks";
			outputPaths = (
			);
			runOnlyForDeploymentPostprocessing = 0;
			shellPath = /bin/sh;
			shellScript = "\"${SRCROOT}/Pods/Target Support Files/Pods-RxQuiz/Pods-RxQuiz-frameworks.sh\"\n";
			showEnvVarsInLog = 0;
		};
		39AA6E36FC9ABA1CAD631A02 /* Check Pods Manifest.lock */ = {
			isa = PBXShellScriptBuildPhase;
			buildActionMask = 2147483647;
			files = (
			);
			inputPaths = (
			);
			name = "Check Pods Manifest.lock";
			outputPaths = (
			);
			runOnlyForDeploymentPostprocessing = 0;
			shellPath = /bin/sh;
			shellScript = "diff \"${PODS_ROOT}/../Podfile.lock\" \"${PODS_ROOT}/Manifest.lock\" > /dev/null\nif [[ $? != 0 ]] ; then\n    cat << EOM\nerror: The sandbox is not in sync with the Podfile.lock. Run 'pod install' or update your CocoaPods installation.\nEOM\n    exit 1\nfi\n";
			showEnvVarsInLog = 0;
		};
		D4B3A2451CAD129D0075AB4C /* ShellScript */ = {
			isa = PBXShellScriptBuildPhase;
			buildActionMask = 2147483647;
			files = (
			);
			inputPaths = (
			);
			outputPaths = (
			);
			runOnlyForDeploymentPostprocessing = 0;
			shellPath = /bin/sh;
			shellScript = "";
		};
/* End PBXShellScriptBuildPhase section */

/* Begin PBXSourcesBuildPhase section */
		D4B3A2021CAD09350075AB4C /* Sources */ = {
			isa = PBXSourcesBuildPhase;
			buildActionMask = 2147483647;
			files = (
				D4B3A2471CAD26360075AB4C /* QuizViewController.swift in Sources */,
				D4B3A2501CAD61880075AB4C /* MutableColletionType+Additions.swift in Sources */,
				D4B3A24E1CAD61710075AB4C /* CollectionType+Additions.swift in Sources */,
				D4B3A2521CAD61A10075AB4C /* Question.swift in Sources */,
				D4B3A20C1CAD09350075AB4C /* ViewController.swift in Sources */,
				D4B3A20A1CAD09350075AB4C /* AppDelegate.swift in Sources */,
			);
			runOnlyForDeploymentPostprocessing = 0;
		};
		D4B3A2161CAD09360075AB4C /* Sources */ = {
			isa = PBXSourcesBuildPhase;
			buildActionMask = 2147483647;
			files = (
				D4B3A21F1CAD09360075AB4C /* RxQuizTests.swift in Sources */,
			);
			runOnlyForDeploymentPostprocessing = 0;
		};
		D4B3A2211CAD09360075AB4C /* Sources */ = {
			isa = PBXSourcesBuildPhase;
			buildActionMask = 2147483647;
			files = (
				D4B3A22A1CAD09360075AB4C /* RxQuizUITests.swift in Sources */,
			);
			runOnlyForDeploymentPostprocessing = 0;
		};
/* End PBXSourcesBuildPhase section */

/* Begin PBXTargetDependency section */
		D4B3A21C1CAD09360075AB4C /* PBXTargetDependency */ = {
			isa = PBXTargetDependency;
			target = D4B3A2051CAD09350075AB4C /* RxQuiz */;
			targetProxy = D4B3A21B1CAD09360075AB4C /* PBXContainerItemProxy */;
		};
		D4B3A2271CAD09360075AB4C /* PBXTargetDependency */ = {
			isa = PBXTargetDependency;
			target = D4B3A2051CAD09350075AB4C /* RxQuiz */;
			targetProxy = D4B3A2261CAD09360075AB4C /* PBXContainerItemProxy */;
		};
/* End PBXTargetDependency section */

/* Begin PBXVariantGroup section */
		D4B3A20D1CAD09350075AB4C /* Main.storyboard */ = {
			isa = PBXVariantGroup;
			children = (
				D4B3A20E1CAD09350075AB4C /* Base */,
			);
			name = Main.storyboard;
			path = .;
			sourceTree = "<group>";
		};
		D4B3A2121CAD09350075AB4C /* LaunchScreen.storyboard */ = {
			isa = PBXVariantGroup;
			children = (
				D4B3A2131CAD09350075AB4C /* Base */,
			);
			name = LaunchScreen.storyboard;
			path = .;
			sourceTree = "<group>";
		};
/* End PBXVariantGroup section */

/* Begin XCBuildConfiguration section */
		D4B3A22C1CAD09360075AB4C /* Debug */ = {
			isa = XCBuildConfiguration;
			buildSettings = {
				ALWAYS_SEARCH_USER_PATHS = NO;
				CLANG_ANALYZER_NONNULL = YES;
				CLANG_CXX_LANGUAGE_STANDARD = "gnu++0x";
				CLANG_CXX_LIBRARY = "libc++";
				CLANG_ENABLE_MODULES = YES;
				CLANG_ENABLE_OBJC_ARC = YES;
				CLANG_WARN_BOOL_CONVERSION = YES;
				CLANG_WARN_CONSTANT_CONVERSION = YES;
				CLANG_WARN_DIRECT_OBJC_ISA_USAGE = YES_ERROR;
				CLANG_WARN_EMPTY_BODY = YES;
				CLANG_WARN_ENUM_CONVERSION = YES;
				CLANG_WARN_INT_CONVERSION = YES;
				CLANG_WARN_OBJC_ROOT_CLASS = YES_ERROR;
				CLANG_WARN_UNREACHABLE_CODE = YES;
				CLANG_WARN__DUPLICATE_METHOD_MATCH = YES;
				"CODE_SIGN_IDENTITY[sdk=iphoneos*]" = "iPhone Developer";
				COPY_PHASE_STRIP = NO;
				DEBUG_INFORMATION_FORMAT = dwarf;
				ENABLE_STRICT_OBJC_MSGSEND = YES;
				ENABLE_TESTABILITY = YES;
				GCC_C_LANGUAGE_STANDARD = gnu99;
				GCC_DYNAMIC_NO_PIC = NO;
				GCC_NO_COMMON_BLOCKS = YES;
				GCC_OPTIMIZATION_LEVEL = 0;
				GCC_PREPROCESSOR_DEFINITIONS = (
					"DEBUG=1",
					"$(inherited)",
				);
				GCC_WARN_64_TO_32_BIT_CONVERSION = YES;
				GCC_WARN_ABOUT_RETURN_TYPE = YES_ERROR;
				GCC_WARN_UNDECLARED_SELECTOR = YES;
				GCC_WARN_UNINITIALIZED_AUTOS = YES_AGGRESSIVE;
				GCC_WARN_UNUSED_FUNCTION = YES;
				GCC_WARN_UNUSED_VARIABLE = YES;
				IPHONEOS_DEPLOYMENT_TARGET = 9.3;
				MTL_ENABLE_DEBUG_INFO = YES;
				ONLY_ACTIVE_ARCH = YES;
				SDKROOT = iphoneos;
				SWIFT_OPTIMIZATION_LEVEL = "-Onone";
				TARGETED_DEVICE_FAMILY = "1,2";
			};
			name = Debug;
		};
		D4B3A22D1CAD09360075AB4C /* Release */ = {
			isa = XCBuildConfiguration;
			buildSettings = {
				ALWAYS_SEARCH_USER_PATHS = NO;
				CLANG_ANALYZER_NONNULL = YES;
				CLANG_CXX_LANGUAGE_STANDARD = "gnu++0x";
				CLANG_CXX_LIBRARY = "libc++";
				CLANG_ENABLE_MODULES = YES;
				CLANG_ENABLE_OBJC_ARC = YES;
				CLANG_WARN_BOOL_CONVERSION = YES;
				CLANG_WARN_CONSTANT_CONVERSION = YES;
				CLANG_WARN_DIRECT_OBJC_ISA_USAGE = YES_ERROR;
				CLANG_WARN_EMPTY_BODY = YES;
				CLANG_WARN_ENUM_CONVERSION = YES;
				CLANG_WARN_INT_CONVERSION = YES;
				CLANG_WARN_OBJC_ROOT_CLASS = YES_ERROR;
				CLANG_WARN_UNREACHABLE_CODE = YES;
				CLANG_WARN__DUPLICATE_METHOD_MATCH = YES;
				"CODE_SIGN_IDENTITY[sdk=iphoneos*]" = "iPhone Developer";
				COPY_PHASE_STRIP = NO;
				DEBUG_INFORMATION_FORMAT = "dwarf-with-dsym";
				ENABLE_NS_ASSERTIONS = NO;
				ENABLE_STRICT_OBJC_MSGSEND = YES;
				GCC_C_LANGUAGE_STANDARD = gnu99;
				GCC_NO_COMMON_BLOCKS = YES;
				GCC_WARN_64_TO_32_BIT_CONVERSION = YES;
				GCC_WARN_ABOUT_RETURN_TYPE = YES_ERROR;
				GCC_WARN_UNDECLARED_SELECTOR = YES;
				GCC_WARN_UNINITIALIZED_AUTOS = YES_AGGRESSIVE;
				GCC_WARN_UNUSED_FUNCTION = YES;
				GCC_WARN_UNUSED_VARIABLE = YES;
				IPHONEOS_DEPLOYMENT_TARGET = 9.3;
				MTL_ENABLE_DEBUG_INFO = NO;
				SDKROOT = iphoneos;
				TARGETED_DEVICE_FAMILY = "1,2";
				VALIDATE_PRODUCT = YES;
			};
			name = Release;
		};
		D4B3A22F1CAD09360075AB4C /* Debug */ = {
			isa = XCBuildConfiguration;
			baseConfigurationReference = 6A52DF9E9A2FFA3809872FE1 /* Pods-RxQuiz.debug.xcconfig */;
			buildSettings = {
				ASSETCATALOG_COMPILER_APPICON_NAME = AppIcon;
				FRAMEWORK_SEARCH_PATHS = (
					"$(inherited)",
					"$(PROJECT_DIR)/Carthage/Build/iOS",
				);
				INFOPLIST_FILE = RxQuiz/Info.plist;
				IPHONEOS_DEPLOYMENT_TARGET = 8.0;
				LD_RUNPATH_SEARCH_PATHS = "$(inherited) @executable_path/Frameworks";
				PRODUCT_BUNDLE_IDENTIFIER = com.nakailand.RxQuiz;
				PRODUCT_NAME = "$(TARGET_NAME)";
				TARGETED_DEVICE_FAMILY = 1;
			};
			name = Debug;
		};
		D4B3A2301CAD09360075AB4C /* Release */ = {
			isa = XCBuildConfiguration;
			baseConfigurationReference = 404286BEF88AC504F9A800A0 /* Pods-RxQuiz.release.xcconfig */;
			buildSettings = {
				ASSETCATALOG_COMPILER_APPICON_NAME = AppIcon;
				FRAMEWORK_SEARCH_PATHS = (
					"$(inherited)",
					"$(PROJECT_DIR)/Carthage/Build/iOS",
				);
				INFOPLIST_FILE = RxQuiz/Info.plist;
				IPHONEOS_DEPLOYMENT_TARGET = 8.0;
				LD_RUNPATH_SEARCH_PATHS = "$(inherited) @executable_path/Frameworks";
				PRODUCT_BUNDLE_IDENTIFIER = com.nakailand.RxQuiz;
				PRODUCT_NAME = "$(TARGET_NAME)";
				TARGETED_DEVICE_FAMILY = 1;
			};
			name = Release;
		};
		D4B3A2321CAD09360075AB4C /* Debug */ = {
			isa = XCBuildConfiguration;
			buildSettings = {
				BUNDLE_LOADER = "$(TEST_HOST)";
				INFOPLIST_FILE = RxQuizTests/Info.plist;
				LD_RUNPATH_SEARCH_PATHS = "$(inherited) @executable_path/Frameworks @loader_path/Frameworks";
				PRODUCT_BUNDLE_IDENTIFIER = com.nakailand.RxQuizTests;
				PRODUCT_NAME = "$(TARGET_NAME)";
				TEST_HOST = "$(BUILT_PRODUCTS_DIR)/RxQuiz.app/RxQuiz";
			};
			name = Debug;
		};
		D4B3A2331CAD09360075AB4C /* Release */ = {
			isa = XCBuildConfiguration;
			buildSettings = {
				BUNDLE_LOADER = "$(TEST_HOST)";
				INFOPLIST_FILE = RxQuizTests/Info.plist;
				LD_RUNPATH_SEARCH_PATHS = "$(inherited) @executable_path/Frameworks @loader_path/Frameworks";
				PRODUCT_BUNDLE_IDENTIFIER = com.nakailand.RxQuizTests;
				PRODUCT_NAME = "$(TARGET_NAME)";
				TEST_HOST = "$(BUILT_PRODUCTS_DIR)/RxQuiz.app/RxQuiz";
			};
			name = Release;
		};
		D4B3A2351CAD09360075AB4C /* Debug */ = {
			isa = XCBuildConfiguration;
			buildSettings = {
				INFOPLIST_FILE = RxQuizUITests/Info.plist;
				LD_RUNPATH_SEARCH_PATHS = "$(inherited) @executable_path/Frameworks @loader_path/Frameworks";
				PRODUCT_BUNDLE_IDENTIFIER = com.nakailand.RxQuizUITests;
				PRODUCT_NAME = "$(TARGET_NAME)";
				TEST_TARGET_NAME = RxQuiz;
			};
			name = Debug;
		};
		D4B3A2361CAD09360075AB4C /* Release */ = {
			isa = XCBuildConfiguration;
			buildSettings = {
				INFOPLIST_FILE = RxQuizUITests/Info.plist;
				LD_RUNPATH_SEARCH_PATHS = "$(inherited) @executable_path/Frameworks @loader_path/Frameworks";
				PRODUCT_BUNDLE_IDENTIFIER = com.nakailand.RxQuizUITests;
				PRODUCT_NAME = "$(TARGET_NAME)";
				TEST_TARGET_NAME = RxQuiz;
			};
			name = Release;
		};
/* End XCBuildConfiguration section */

/* Begin XCConfigurationList section */
		D4B3A2011CAD09350075AB4C /* Build configuration list for PBXProject "RxQuiz" */ = {
			isa = XCConfigurationList;
			buildConfigurations = (
				D4B3A22C1CAD09360075AB4C /* Debug */,
				D4B3A22D1CAD09360075AB4C /* Release */,
			);
			defaultConfigurationIsVisible = 0;
			defaultConfigurationName = Release;
		};
		D4B3A22E1CAD09360075AB4C /* Build configuration list for PBXNativeTarget "RxQuiz" */ = {
			isa = XCConfigurationList;
			buildConfigurations = (
				D4B3A22F1CAD09360075AB4C /* Debug */,
				D4B3A2301CAD09360075AB4C /* Release */,
			);
			defaultConfigurationIsVisible = 0;
			defaultConfigurationName = Release;
		};
		D4B3A2311CAD09360075AB4C /* Build configuration list for PBXNativeTarget "RxQuizTests" */ = {
			isa = XCConfigurationList;
			buildConfigurations = (
				D4B3A2321CAD09360075AB4C /* Debug */,
				D4B3A2331CAD09360075AB4C /* Release */,
			);
			defaultConfigurationIsVisible = 0;
			defaultConfigurationName = Release;
		};
		D4B3A2341CAD09360075AB4C /* Build configuration list for PBXNativeTarget "RxQuizUITests" */ = {
			isa = XCConfigurationList;
			buildConfigurations = (
				D4B3A2351CAD09360075AB4C /* Debug */,
				D4B3A2361CAD09360075AB4C /* Release */,
			);
			defaultConfigurationIsVisible = 0;
			defaultConfigurationName = Release;
		};
/* End XCConfigurationList section */
	};
	rootObject = D4B3A1FE1CAD09350075AB4C /* Project object */;
}
